lockfileVersion: 11
packages:
  '["registry","https://registry.agentxm.ai","@agentxm","skills","audit-agent-skill"]':
    source:
      type: registry
      url: https://registry.agentxm.ai/
      owner: "@agentxm"
      extensionType: skills
      name: audit-agent-skill
    resolved:
      version: 0.8.0
      integrity: sha512-l9LdMRcC9T5S6QFOmba+STLPx0W/kHyatXW6MDFLq5KV9JWtCGJb7dH4DnxatImxkqcjJseC0aie4RbPR4d/IA==
      publisherBindingId: hbnd_01ks5vvdf0efz9m4w5qsv4q5qp
    treeIntegrity: sha256-tree-v2:3dbc4d2d491bda9847e834bf780ecc933450c6cd9c9fa2e0748903c050d99cf1
  '["registry","https://registry.agentxm.ai","@agentxm","skills","author-agent-skill"]':
    source:
      type: registry
      url: https://registry.agentxm.ai/
      owner: "@agentxm"
      extensionType: skills
      name: author-agent-skill
    resolved:
      version: 0.11.0
      integrity: sha512-119BGRfxmCXrvMN6p/WfQ2rkl9GRdfKmALgCC/snphPJnjDTk/X9fSLaW8eu/aXHtRvrMSzkKbzJRrjChvWxGw==
      publisherBindingId: hbnd_01ks5vvdf0efz9m4w5qsv4q5qp
    treeIntegrity: sha256-tree-v2:eb98df9a778460befecb775bd73e5f65dca6142af00f184fcf045208a5092993
  '["registry","https://registry.agentxm.ai","@agentxm","skills","evaluate-agent-skill"]':
    source:
      type: registry
      url: https://registry.agentxm.ai/
      owner: "@agentxm"
      extensionType: skills
      name: evaluate-agent-skill
    resolved:
      version: 0.4.0
      integrity: sha512-we7WLXbiSr51my2P99aLeHt9AHLi+SjXrh5bsPjO+LCRGvk0fDsxYCpmZ0X0QDh1tAb3vK96Baz9Z4kUJ9Qvvw==
      publisherBindingId: hbnd_01ks5vvdf0efz9m4w5qsv4q5qp
    treeIntegrity: sha256-tree-v2:06374a72d04da1a7b8dd6ce6a5e3705940f39b2042b7dcc07bdc70075008c74d
  '["registry","https://registry.agentxm.ai","@agentxm","skills","agent-skill-evaluator"]':
    source:
      type: registry
      url: https://registry.agentxm.ai/
      owner: "@agentxm"
      extensionType: skills
      name: agent-skill-evaluator
    resolved:
      version: 0.3.0
      integrity: sha512-0PHycZMVpeOD2uzf4o82M00LcAjqiQ3UI91qwpAwO3BiIiCh1wfqFYhrsUH9yLd+hCGDUkMSxa/Eg6+f9izK3g==
      publisherBindingId: hbnd_01ks5vvdf0efz9m4w5qsv4q5qp
    treeIntegrity: sha256-tree-v2:04bdf8c97600d9bae118d73fe871bbe714e330d58adcec02cda2ba4129040492
  '["registry","https://registry.agentxm.ai","@agentxm","skills","audit-agent-instructions"]':
    source:
      type: registry
      url: https://registry.agentxm.ai/
      owner: "@agentxm"
      extensionType: skills
      name: audit-agent-instructions
    resolved:
      version: 0.2.1
      integrity: sha512-1IRqUzeNr+uT/0NiJ6mATQ8Tdh0xEky2riMebJp32IUNSswb2Ana5BZDQEspemwoiZ/947Hbc13Ha5s43Xa4zQ==
      publisherBindingId: hbnd_01ks5vvdf0efz9m4w5qsv4q5qp
    treeIntegrity: sha256-tree-v2:1877f945bb59be47dcd76f3abe6aaafca9af5217ef6c8de2b500dbda02d1ddfe
  '["registry","https://registry.agentxm.ai","@agentxm","skills","author-agent-instructions"]':
    source:
      type: registry
      url: https://registry.agentxm.ai/
      owner: "@agentxm"
      extensionType: skills
      name: author-agent-instructions
    resolved:
      version: 0.2.1
      integrity: sha512-ijn2jN3KpiAsypLD97RuH7c5TQkT4wRprZQGT1zgyQw6JsJeDlR4HbpPt+HnS+3175HQ71/I22frR1qbQAjIzQ==
      publisherBindingId: hbnd_01ks5vvdf0efz9m4w5qsv4q5qp
    treeIntegrity: sha256-tree-v2:0987a1bdac5b67ad6c9cac234c89a69eead66c2c1efaef384b83e3f045979554
  '["registry","https://registry.agentxm.ai","@agentxm","knowledge","agent-engineering"]':
    source:
      type: registry
      url: https://registry.agentxm.ai/
      owner: "@agentxm"
      extensionType: knowledge
      name: agent-engineering
    resolved:
      version: 0.10.1
      integrity: sha512-yD1+F9zA8tqIKxs91jQ5xKP9NVFGNo7imN36Agf4sccI45LzYlWI6dp0KZEy9ND/861Bgux1w0H0ShoSEsr7aQ==
      publisherBindingId: hbnd_01ks5vvdf0efz9m4w5qsv4q5qp
    treeIntegrity: sha256-tree-v2:81ea1eb8432fda975b214a06d042784cd380e22b514ab8d831d470a9a06e4156
  '["registry","https://registry.agentxm.ai","@agentxm","packs","agent-engineering"]':
    source:
      type: registry
      url: https://registry.agentxm.ai/
      owner: "@agentxm"
      extensionType: packs
      name: agent-engineering
    resolved:
      version: 0.11.1
      integrity: sha512-OZKGBmogmn7+yFzM6xs+vJkoexzh8Rd9SQHpD7yNlgN3D3hgwoVknslE4K168dZuumPLCD8pgsIoN5TyXc+qxg==
      publisherBindingId: hbnd_01ks5vvdf0efz9m4w5qsv4q5qp
    treeIntegrity: sha256-tree-v2:029fee5758925a937b773c8c4deda784b4ff575c64048930174e8a8fd96038ff
skills:
  audit-agent-skill:
    package: '["registry","https://registry.agentxm.ai","@agentxm","skills","audit-agent-skill"]'
    identity:
      owner: "@agentxm"
      name: audit-agent-skill
  author-agent-skill:
    package: '["registry","https://registry.agentxm.ai","@agentxm","skills","author-agent-skill"]'
    identity:
      owner: "@agentxm"
      name: author-agent-skill
  evaluate-agent-skill:
    package: '["registry","https://registry.agentxm.ai","@agentxm","skills","evaluate-agent-skill"]'
    identity:
      owner: "@agentxm"
      name: evaluate-agent-skill
  agent-skill-evaluator:
    package: '["registry","https://registry.agentxm.ai","@agentxm","skills","agent-skill-evaluator"]'
    identity:
      owner: "@agentxm"
      name: agent-skill-evaluator
  audit-agent-instructions:
    package: '["registry","https://registry.agentxm.ai","@agentxm","skills","audit-agent-instructions"]'
    identity:
      owner: "@agentxm"
      name: audit-agent-instructions
  author-agent-instructions:
    package: '["registry","https://registry.agentxm.ai","@agentxm","skills","author-agent-instructions"]'
    identity:
      owner: "@agentxm"
      name: author-agent-instructions
knowledge:
  agent-engineering:
    package: '["registry","https://registry.agentxm.ai","@agentxm","knowledge","agent-engineering"]'
    identity:
      owner: "@agentxm"
      name: agent-engineering
packs:
  agent-engineering:
    package: '["registry","https://registry.agentxm.ai","@agentxm","packs","agent-engineering"]'
    identity:
      owner: "@agentxm"
      name: agent-engineering
    manifestVersion: 0.11.1
    manifestContentIdentity: 9bfb59d8a319433af6a0b6ffcb7a76cf7a8189a1305dcc642166db7d3a583594
    dependencies:
      "@agentxm/skills/audit-agent-skill": ">=0.8.0"
      "@agentxm/skills/author-agent-skill": ">=0.11.0"
      "@agentxm/knowledge/agent-engineering": ">=0.10.1"
      "@agentxm/skills/evaluate-agent-skill": ">=0.3.2"
      "@agentxm/skills/agent-skill-evaluator": ">=0.2.2"
      "@agentxm/skills/audit-agent-instructions": ">=0.2.1"
      "@agentxm/skills/author-agent-instructions": ">=0.2.1"
