lockfileVersion: 4
skills:
  axm:
    type: registry
    owner: "@agentxm"
    name: axm
    resolvedVersion: 0.27.15
    integrity: sha512-zeg65kkMbKFVfw1dN4XreXHJtDW6Ov6MF9R+5lu+2rpC98JGVQVT+TYfGj3NPNeNtBQ1yTzGYiD/ck75VfRVTA==
    sourceName: default
    publisherBindingId: hbnd_01ks5vvdf0efz9m4w5qsv4q5qp
  audit-agent-skill:
    type: registry
    owner: "@agentxm"
    name: audit-agent-skill
    resolvedVersion: 0.7.4
    integrity: sha512-koKf4qZrgO7lt32ShwmJC5cJgI7KuBhFXkRSGCXNE3+alcOSE8WtbuEm1+VbqdNMPbcKmwTlJ2EzRhd2+HvAVg==
    sourceName: default
    publisherBindingId: hbnd_01ks5vvdf0efz9m4w5qsv4q5qp
  author-agent-skill:
    type: registry
    owner: "@agentxm"
    name: author-agent-skill
    resolvedVersion: 0.10.0
    integrity: sha512-fN7wuTsa3eKvtC7i9dqfjcz6xaFVADnb02dESgZWe1Szt+GOjEfRyEuZLgErJ/rHJPpGyidr+KkkoOUTGqI8FA==
    sourceName: default
    publisherBindingId: hbnd_01ks5vvdf0efz9m4w5qsv4q5qp
  audit-agent-instructions:
    type: registry
    owner: "@agentxm"
    name: audit-agent-instructions
    resolvedVersion: 0.1.6
    integrity: sha512-a1oWBs+sMcxGTHMs/T1u8waj98y8gfDyvglOhTAL1JIinwSRKncW8PU9sh94Za9GBvYkyyVSt69dzVgIpWjQLQ==
    sourceName: default
    publisherBindingId: hbnd_01ks5vvdf0efz9m4w5qsv4q5qp
  author-agent-instructions:
    type: registry
    owner: "@agentxm"
    name: author-agent-instructions
    resolvedVersion: 0.1.6
    integrity: sha512-FW3ryW+R5tgi3G9OeZkLLUvMK+PNamwJhPlhY9eHu77rujzH+4dhshV0jnBDK516xXz73tjXzuQnFZzVqfcX5w==
    sourceName: default
    publisherBindingId: hbnd_01ks5vvdf0efz9m4w5qsv4q5qp
  evaluate-agent-skill:
    type: registry
    owner: "@agentxm"
    name: evaluate-agent-skill
    resolvedVersion: 0.3.2
    integrity: sha512-gXg1IKDgcIBjamABZc1sosJ1LvaGn7GeGJZgdw5YyK0dyShb5vgUuJ0zQ+RxIkikh+YKGsJMHkIpWLP/h0yEBA==
    sourceName: default
    publisherBindingId: hbnd_01ks5vvdf0efz9m4w5qsv4q5qp
  agent-skill-evaluator:
    type: registry
    owner: "@agentxm"
    name: agent-skill-evaluator
    resolvedVersion: 0.2.2
    integrity: sha512-GYRYsHSb1jqGH48qM8UPZEpOIzvflnzS/P0soWtwY++JTNQAo+PuM9F3e0nq/SsNWFxHbqDONkiKq8sF4SDzmw==
    sourceName: default
    publisherBindingId: hbnd_01ks5vvdf0efz9m4w5qsv4q5qp
knowledge:
  agent-engineering:
    type: registry
    owner: "@agentxm"
    name: agent-engineering
    resolvedVersion: 0.9.2
    integrity: sha512-AGnQ2updX0VzdtLX3MiJx2F6Ocjl+v0YoN6VRt0K5wBnhst+13UvFRg03EPc1osWk5f9zmsS7dZJlshgJCu1uw==
    sourceName: default
    publisherBindingId: hbnd_01ks5vvdf0efz9m4w5qsv4q5qp
packs:
  agent-engineering:
    type: registry
    owner: "@agentxm"
    name: agent-engineering
    resolvedVersion: 0.10.6
    integrity: sha512-3fQOP6luNs/1kSIDcHbMC3KachsrWxtOiW9525+fKBew5KyhSzZtcJ6JoMTRVB46OilI0ZY6cgFjHnpSHcFU8w==
    manifestContentIdentity: 1f759742dd28ed6b64c68f45a3d19207622f452c7a3ada38c468d6327778ee9b
    sourceName: default
    publisherBindingId: hbnd_01ks5vvdf0efz9m4w5qsv4q5qp
