lockfileVersion: 4
skills:
  axm:
    type: registry
    owner: "@agentxm"
    name: axm
    resolvedVersion: 0.26.7
    integrity: sha512-vcUdqaX5N/qmybxGc1oy5x4NFDFkTKKeRIgd6fXcKln1m6HzbwU2Eq9uPRxzu5aw0bHU2bePKCIOTC3EaHXG+w==
    sourceName: default
    publisherBindingId: hbnd_01ks5vvdf0efz9m4w5qsv4q5qp
